
Microsoft Visual Studio Solution File, Format Version 11.00
# Visual Studio 2010
Project("{E24C65DC-7377-472B-9ABA-BC803B73C61A}") = "OnlineExam", "OnlineExam (1)\OnlineExam\OnlineExam", "{C0F7DD03-79D8-46F9-99A2-831058BB3CCE}"
	ProjectSection(WebsiteProperties) = preProject
		TargetFrameworkMoniker = ".NETFramework,Version%3Dv4.0"
		Debug.AspNetCompiler.VirtualPath = "/OnlineExam"
		Debug.AspNetCompiler.PhysicalPath = "..\..\..\..\Desktop\roni\OnlineExam (1)\OnlineExam\OnlineExam\"
		Debug.AspNetCompiler.TargetPath = "PrecompiledWeb\OnlineExam\"
		Debug.AspNetCompiler.Updateable = "true"
		Debug.AspNetCompiler.ForceOverwrite = "true"
		Debug.AspNetCompiler.FixedNames = "false"
		Debug.AspNetCompiler.Debug = "True"
		Release.AspNetCompiler.VirtualPath = "/OnlineExam"
		Release.AspNetCompiler.PhysicalPath = "..\..\..\..\Desktop\roni\OnlineExam (1)\OnlineExam\OnlineExam\"
		Release.AspNetCompiler.TargetPath = "PrecompiledWeb\OnlineExam\"
		Release.AspNetCompiler.Updateable = "true"
		Release.AspNetCompiler.ForceOverwrite = "true"
		Release.AspNetCompiler.FixedNames = "false"
		Release.AspNetCompiler.Debug = "False"
		VWDPort = "49966"
	EndProjectSection
EndProject
Global
	GlobalSection(SolutionConfigurationPlatforms) = preSolution
		Debug|Any CPU = Debug|Any CPU
	EndGlobalSection
	GlobalSection(ProjectConfigurationPlatforms) = postSolution
		{C0F7DD03-79D8-46F9-99A2-831058BB3CCE}.Debug|Any CPU.ActiveCfg = Debug|Any CPU
		{C0F7DD03-79D8-46F9-99A2-831058BB3CCE}.Debug|Any CPU.Build.0 = Debug|Any CPU
	EndGlobalSection
	GlobalSection(SolutionProperties) = preSolution
		HideSolutionNode = FALSE
	EndGlobalSection
EndGlobal
